
Microsoft Visual Studio Solution File, Format Version 12.00
# Visual Studio Version 16
VisualStudioVersion = 16.0.28729.10
MinimumVisualStudioVersion = 10.0.40219.1
Project("{FAE04EC0-301F-11D3-BF4B-00C04F79EFBC}") = "UniversitySchedule.API", "UniversitySchedule\UniversitySchedule.API.csproj", "{F2CD4963-602A-4D89-8ACB-97A49E2AFF9F}"
EndProject
Project("{FAE04EC0-301F-11D3-BF4B-00C04F79EFBC}") = "UniversitySchedule.DB", "UniversitySchedule.DB\UniversitySchedule.DB.csproj", "{71F0A60C-A800-4FBE-92F6-B5CA8E670F1B}"
EndProject
Project("{FAE04EC0-301F-11D3-BF4B-00C04F79EFBC}") = "UniversitySchedule.DI", "UniversitySchedule.DI\UniversitySchedule.DI.csproj", "{E5FB915A-10F8-4D35-A143-18896B478654}"
EndProject
Project("{FAE04EC0-301F-11D3-BF4B-00C04F79EFBC}") = "UniversitySchedule.Core", "UniversitySchedule.Core\UniversitySchedule.Core.csproj", "{73D87BE4-4E45-4E92-8752-0945B75D6240}"
EndProject
Project("{FAE04EC0-301F-11D3-BF4B-00C04F79EFBC}") = "UniversitySchedule.DAL", "UniversitySchedule.DAL\UniversitySchedule.DAL.csproj", "{4666754C-D903-4012-9E33-4FE94EE611AD}"
EndProject
Project("{FAE04EC0-301F-11D3-BF4B-00C04F79EFBC}") = "UniversitySchedule.BLL", "UniversitySchedule.BLL\UniversitySchedule.BLL.csproj", "{C281C773-ECEF-44B9-85C4-4C8CB3BE7F19}"
EndProject
Global
	GlobalSection(SolutionConfigurationPlatforms) = preSolution
		Debug|Any CPU = Debug|Any CPU
		Release|Any CPU = Release|Any CPU
	EndGlobalSection
	GlobalSection(ProjectConfigurationPlatforms) = postSolution
		{F2CD4963-602A-4D89-8ACB-97A49E2AFF9F}.Debug|Any CPU.ActiveCfg = Debug|Any CPU
		{F2CD4963-602A-4D89-8ACB-97A49E2AFF9F}.Debug|Any CPU.Build.0 = Debug|Any CPU
		{F2CD4963-602A-4D89-8ACB-97A49E2AFF9F}.Release|Any CPU.ActiveCfg = Release|Any CPU
		{F2CD4963-602A-4D89-8ACB-97A49E2AFF9F}.Release|Any CPU.Build.0 = Release|Any CPU
		{71F0A60C-A800-4FBE-92F6-B5CA8E670F1B}.Debug|Any CPU.ActiveCfg = Debug|Any CPU
		{71F0A60C-A800-4FBE-92F6-B5CA8E670F1B}.Debug|Any CPU.Build.0 = Debug|Any CPU
		{71F0A60C-A800-4FBE-92F6-B5CA8E670F1B}.Release|Any CPU.ActiveCfg = Release|Any CPU
		{71F0A60C-A800-4FBE-92F6-B5CA8E670F1B}.Release|Any CPU.Build.0 = Release|Any CPU
		{E5FB915A-10F8-4D35-A143-18896B478654}.Debug|Any CPU.ActiveCfg = Debug|Any CPU
		{E5FB915A-10F8-4D35-A143-18896B478654}.Debug|Any CPU.Build.0 = Debug|Any CPU
		{E5FB915A-10F8-4D35-A143-18896B478654}.Release|Any CPU.ActiveCfg = Release|Any CPU
		{E5FB915A-10F8-4D35-A143-18896B478654}.Release|Any CPU.Build.0 = Release|Any CPU
		{73D87BE4-4E45-4E92-8752-0945B75D6240}.Debug|Any CPU.ActiveCfg = Debug|Any CPU
		{73D87BE4-4E45-4E92-8752-0945B75D6240}.Debug|Any CPU.Build.0 = Debug|Any CPU
		{73D87BE4-4E45-4E92-8752-0945B75D6240}.Release|Any CPU.ActiveCfg = Release|Any CPU
		{73D87BE4-4E45-4E92-8752-0945B75D6240}.Release|Any CPU.Build.0 = Release|Any CPU
		{4666754C-D903-4012-9E33-4FE94EE611AD}.Debug|Any CPU.ActiveCfg = Debug|Any CPU
		{4666754C-D903-4012-9E33-4FE94EE611AD}.Debug|Any CPU.Build.0 = Debug|Any CPU
		{4666754C-D903-4012-9E33-4FE94EE611AD}.Release|Any CPU.ActiveCfg = Release|Any CPU
		{4666754C-D903-4012-9E33-4FE94EE611AD}.Release|Any CPU.Build.0 = Release|Any CPU
		{C281C773-ECEF-44B9-85C4-4C8CB3BE7F19}.Debug|Any CPU.ActiveCfg = Debug|Any CPU
		{C281C773-ECEF-44B9-85C4-4C8CB3BE7F19}.Debug|Any CPU.Build.0 = Debug|Any CPU
		{C281C773-ECEF-44B9-85C4-4C8CB3BE7F19}.Release|Any CPU.ActiveCfg = Release|Any CPU
		{C281C773-ECEF-44B9-85C4-4C8CB3BE7F19}.Release|Any CPU.Build.0 = Release|Any CPU
	EndGlobalSection
	GlobalSection(SolutionProperties) = preSolution
		HideSolutionNode = FALSE
	EndGlobalSection
	GlobalSection(ExtensibilityGlobals) = postSolution
		SolutionGuid = {108239BB-EA69-4012-B8A6-EE687E5289E4}
	EndGlobalSection
EndGlobal
